
Microsoft Visual Studio Solution File, Format Version 12.00
# Visual Studio 15
VisualStudioVersion = 15.0.27703.2026
MinimumVisualStudioVersion = 10.0.40219.1
Project("{FAE04EC0-301F-11D3-BF4B-00C04F79EFBC}") = "Model", "Model\Model.csproj", "{EA0EDCAF-2D6A-4FAE-AC46-089E3FF9AEB8}"
EndProject
Project("{FAE04EC0-301F-11D3-BF4B-00C04F79EFBC}") = "Server", "Server\Server.csproj", "{BD56C80B-8958-4CC6-B41B-5DF69A906206}"
EndProject
Project("{FAE04EC0-301F-11D3-BF4B-00C04F79EFBC}") = "Client", "Client\Client.csproj", "{C7DF6864-2D89-4C03-8947-28796BBE77C5}"
EndProject
Global
	GlobalSection(SolutionConfigurationPlatforms) = preSolution
		Debug|Any CPU = Debug|Any CPU
		Release|Any CPU = Release|Any CPU
	EndGlobalSection
	GlobalSection(ProjectConfigurationPlatforms) = postSolution
		{EA0EDCAF-2D6A-4FAE-AC46-089E3FF9AEB8}.Debug|Any CPU.ActiveCfg = Debug|Any CPU
		{EA0EDCAF-2D6A-4FAE-AC46-089E3FF9AEB8}.Debug|Any CPU.Build.0 = Debug|Any CPU
		{EA0EDCAF-2D6A-4FAE-AC46-089E3FF9AEB8}.Release|Any CPU.ActiveCfg = Release|Any CPU
		{EA0EDCAF-2D6A-4FAE-AC46-089E3FF9AEB8}.Release|Any CPU.Build.0 = Release|Any CPU
		{BD56C80B-8958-4CC6-B41B-5DF69A906206}.Debug|Any CPU.ActiveCfg = Debug|Any CPU
		{BD56C80B-8958-4CC6-B41B-5DF69A906206}.Debug|Any CPU.Build.0 = Debug|Any CPU
		{BD56C80B-8958-4CC6-B41B-5DF69A906206}.Release|Any CPU.ActiveCfg = Release|Any CPU
		{BD56C80B-8958-4CC6-B41B-5DF69A906206}.Release|Any CPU.Build.0 = Release|Any CPU
		{C7DF6864-2D89-4C03-8947-28796BBE77C5}.Debug|Any CPU.ActiveCfg = Debug|Any CPU
		{C7DF6864-2D89-4C03-8947-28796BBE77C5}.Debug|Any CPU.Build.0 = Debug|Any CPU
		{C7DF6864-2D89-4C03-8947-28796BBE77C5}.Release|Any CPU.ActiveCfg = Release|Any CPU
		{C7DF6864-2D89-4C03-8947-28796BBE77C5}.Release|Any CPU.Build.0 = Release|Any CPU
	EndGlobalSection
	GlobalSection(SolutionProperties) = preSolution
		HideSolutionNode = FALSE
	EndGlobalSection
	GlobalSection(ExtensibilityGlobals) = postSolution
		SolutionGuid = {90CD3B20-FB89-470E-B4FA-B3E81D9FA51D}
	EndGlobalSection
EndGlobal
